dependencies:
- name: user-service
  repository: ""
  version: 0.1.0
- name: device-service
  repository: ""
  version: 0.1.0
- name: ingestion-service
  repository: ""
  version: 0.1.0
- name: alert-service
  repository: ""
  version: 0.1.0
- name: usage-service
  repository: ""
  version: 0.1.0
- name: insight-service
  repository: ""
  version: 0.1.0
- name: frontend
  repository: ""
  version: 0.1.0
digest: sha256:99cb74ab7a3fcd169f5b27018f5076ba34bb5dae9b514dd845d54d97c02a5492
generated: "2026-04-12T21:34:47.593449597-04:00"
