dependencies:
- name: user-service
  repository: ""
  version: 0.1.0
- name: device-service
  repository: ""
  version: 0.1.0
- name: ingestion-service
  repository: ""
  version: 0.1.0
- name: alert-service
  repository: ""
  version: 0.1.0
- name: usage-service
  repository: ""
  version: 0.1.0
digest: sha256:1872fd65a16df32585f804996cde604607054215c6bb15ff24383e2b29cec592
generated: "2026-02-27T21:41:54.612366909-05:00"
